
Microsoft Visual Studio Solution File, Format Version 12.00
# Visual Studio Version 17
VisualStudioVersion = 17.9.34607.119
MinimumVisualStudioVersion = 10.0.40219.1
Project("{FAE04EC0-301F-11D3-BF4B-00C04F79EFBC}") = "2024-03-14_최강건", "2024-03-14_최강건.csproj", "{57CCE175-C18D-4FFB-A1B9-E11192D2D9F8}"
EndProject
Global
	GlobalSection(SolutionConfigurationPlatforms) = preSolution
		Debug|Any CPU = Debug|Any CPU
		Release|Any CPU = Release|Any CPU
	EndGlobalSection
	GlobalSection(ProjectConfigurationPlatforms) = postSolution
		{57CCE175-C18D-4FFB-A1B9-E11192D2D9F8}.Debug|Any CPU.ActiveCfg = Debug|Any CPU
		{57CCE175-C18D-4FFB-A1B9-E11192D2D9F8}.Debug|Any CPU.Build.0 = Debug|Any CPU
		{57CCE175-C18D-4FFB-A1B9-E11192D2D9F8}.Release|Any CPU.ActiveCfg = Release|Any CPU
		{57CCE175-C18D-4FFB-A1B9-E11192D2D9F8}.Release|Any CPU.Build.0 = Release|Any CPU
	EndGlobalSection
	GlobalSection(SolutionProperties) = preSolution
		HideSolutionNode = FALSE
	EndGlobalSection
	GlobalSection(ExtensibilityGlobals) = postSolution
		SolutionGuid = {9B517E59-A4E7-4D80-9897-BF994514D4A8}
	EndGlobalSection
EndGlobal
